
Microsoft Visual Studio Solution File, Format Version 12.00
# Visual Studio Version 17
VisualStudioVersion = 17.11.35327.3
MinimumVisualStudioVersion = 10.0.40219.1
Project("{FAE04EC0-301F-11D3-BF4B-00C04F79EFBC}") = "DapperDemo", "DapperDemo\DapperDemo.csproj", "{B7870766-320B-4B1D-9E11-5B9637A0B3C6}"
EndProject
Project("{FAE04EC0-301F-11D3-BF4B-00C04F79EFBC}") = "AccesoDatos", "AccesoDatos\AccesoDatos.csproj", "{20D32940-0F87-49F7-B1D3-FF085D0E8E52}"
EndProject
Global
	GlobalSection(SolutionConfigurationPlatforms) = preSolution
		Debug|Any CPU = Debug|Any CPU
		Release|Any CPU = Release|Any CPU
	EndGlobalSection
	GlobalSection(ProjectConfigurationPlatforms) = postSolution
		{B7870766-320B-4B1D-9E11-5B9637A0B3C6}.Debug|Any CPU.ActiveCfg = Debug|Any CPU
		{B7870766-320B-4B1D-9E11-5B9637A0B3C6}.Debug|Any CPU.Build.0 = Debug|Any CPU
		{B7870766-320B-4B1D-9E11-5B9637A0B3C6}.Release|Any CPU.ActiveCfg = Release|Any CPU
		{B7870766-320B-4B1D-9E11-5B9637A0B3C6}.Release|Any CPU.Build.0 = Release|Any CPU
		{20D32940-0F87-49F7-B1D3-FF085D0E8E52}.Debug|Any CPU.ActiveCfg = Debug|Any CPU
		{20D32940-0F87-49F7-B1D3-FF085D0E8E52}.Debug|Any CPU.Build.0 = Debug|Any CPU
		{20D32940-0F87-49F7-B1D3-FF085D0E8E52}.Release|Any CPU.ActiveCfg = Release|Any CPU
		{20D32940-0F87-49F7-B1D3-FF085D0E8E52}.Release|Any CPU.Build.0 = Release|Any CPU
	EndGlobalSection
	GlobalSection(SolutionProperties) = preSolution
		HideSolutionNode = FALSE
	EndGlobalSection
	GlobalSection(ExtensibilityGlobals) = postSolution
		SolutionGuid = {D9ECF864-1832-4029-896D-80ADB8244A96}
	EndGlobalSection
EndGlobal
